
Microsoft Visual Studio Solution File, Format Version 12.00
# Visual Studio 14
VisualStudioVersion = 14.0.23107.0
MinimumVisualStudioVersion = 10.0.40219.1
Project("{8BC9CEB8-8B4A-11D0-8D11-00A0C91BC942}") = "AEroD3D", "AEroD3D\AEroD3D.vcxproj", "{906F6A22-005F-475B-BD51-BF65C697869B}"
EndProject
Project("{8BC9CEB8-8B4A-11D0-8D11-00A0C91BC942}") = "AEroD3D Demo", "AEroD3DDemo\AEroD3DDemo.vcxproj", "{19E85523-848E-4E55-AAF0-E0C6F83741F6}"
	ProjectSection(ProjectDependencies) = postProject
		{906F6A22-005F-475B-BD51-BF65C697869B} = {906F6A22-005F-475B-BD51-BF65C697869B}
	EndProjectSection
EndProject
Project("{8BC9CEB8-8B4A-11D0-8D11-00A0C91BC942}") = "AEroD3D Template", "AEroD3DTemplate\AEroD3DTemplate.vcxproj", "{F6781DE5-12A0-46B4-A608-7A55A639906B}"
	ProjectSection(ProjectDependencies) = postProject
		{906F6A22-005F-475B-BD51-BF65C697869B} = {906F6A22-005F-475B-BD51-BF65C697869B}
	EndProjectSection
EndProject
Project("{8BC9CEB8-8B4A-11D0-8D11-00A0C91BC942}") = "WowLF2", "WowLF2\WowLF2.vcxproj", "{EE459B0B-4990-4258-8F04-BCD8B013BCA8}"
	ProjectSection(ProjectDependencies) = postProject
		{906F6A22-005F-475B-BD51-BF65C697869B} = {906F6A22-005F-475B-BD51-BF65C697869B}
	EndProjectSection
EndProject
Project("{8BC9CEB8-8B4A-11D0-8D11-00A0C91BC942}") = "DirectXTK_Desktop_2015", "DirectXTK\DirectXTK_Desktop_2015.vcxproj", "{E0B52AE7-E160-4D32-BF3F-910B785E5A8E}"
EndProject
Project("{8BC9CEB8-8B4A-11D0-8D11-00A0C91BC942}") = "Demo 1", "Demo1\Demo1.vcxproj", "{30282F5F-E9F5-4832-BC51-8A0F58BE88BB}"
	ProjectSection(ProjectDependencies) = postProject
		{906F6A22-005F-475B-BD51-BF65C697869B} = {906F6A22-005F-475B-BD51-BF65C697869B}
	EndProjectSection
EndProject
Project("{8BC9CEB8-8B4A-11D0-8D11-00A0C91BC942}") = "Demo 2", "Demo2\Demo2.vcxproj", "{74CEAFC5-E5F1-4009-A605-1D92EF13AE41}"
	ProjectSection(ProjectDependencies) = postProject
		{906F6A22-005F-475B-BD51-BF65C697869B} = {906F6A22-005F-475B-BD51-BF65C697869B}
	EndProjectSection
EndProject
Global
	GlobalSection(SolutionConfigurationPlatforms) = preSolution
		Debug|ARM = Debug|ARM
		Debug|Win32 = Debug|Win32
		Debug|x64 = Debug|x64
		Profile|ARM = Profile|ARM
		Profile|Win32 = Profile|Win32
		Profile|x64 = Profile|x64
		Release|ARM = Release|ARM
		Release|Win32 = Release|Win32
		Release|x64 = Release|x64
	EndGlobalSection
	GlobalSection(ProjectConfigurationPlatforms) = postSolution
		{906F6A22-005F-475B-BD51-BF65C697869B}.Debug|ARM.ActiveCfg = Debug|Win32
		{906F6A22-005F-475B-BD51-BF65C697869B}.Debug|Win32.ActiveCfg = Debug|Win32
		{906F6A22-005F-475B-BD51-BF65C697869B}.Debug|Win32.Build.0 = Debug|Win32
		{906F6A22-005F-475B-BD51-BF65C697869B}.Debug|x64.ActiveCfg = Debug|Win32
		{906F6A22-005F-475B-BD51-BF65C697869B}.Profile|ARM.ActiveCfg = Release|Win32
		{906F6A22-005F-475B-BD51-BF65C697869B}.Profile|Win32.ActiveCfg = Release|Win32
		{906F6A22-005F-475B-BD51-BF65C697869B}.Profile|Win32.Build.0 = Release|Win32
		{906F6A22-005F-475B-BD51-BF65C697869B}.Profile|x64.ActiveCfg = Release|Win32
		{906F6A22-005F-475B-BD51-BF65C697869B}.Release|ARM.ActiveCfg = Release|Win32
		{906F6A22-005F-475B-BD51-BF65C697869B}.Release|Win32.ActiveCfg = Release|Win32
		{906F6A22-005F-475B-BD51-BF65C697869B}.Release|Win32.Build.0 = Release|Win32
		{906F6A22-005F-475B-BD51-BF65C697869B}.Release|x64.ActiveCfg = Release|Win32
		{19E85523-848E-4E55-AAF0-E0C6F83741F6}.Debug|ARM.ActiveCfg = Debug|Win32
		{19E85523-848E-4E55-AAF0-E0C6F83741F6}.Debug|Win32.ActiveCfg = Debug|Win32
		{19E85523-848E-4E55-AAF0-E0C6F83741F6}.Debug|Win32.Build.0 = Debug|Win32
		{19E85523-848E-4E55-AAF0-E0C6F83741F6}.Debug|x64.ActiveCfg = Debug|x64
		{19E85523-848E-4E55-AAF0-E0C6F83741F6}.Debug|x64.Build.0 = Debug|x64
		{19E85523-848E-4E55-AAF0-E0C6F83741F6}.Profile|ARM.ActiveCfg = Profile|Win32
		{19E85523-848E-4E55-AAF0-E0C6F83741F6}.Profile|Win32.ActiveCfg = Profile|Win32
		{19E85523-848E-4E55-AAF0-E0C6F83741F6}.Profile|Win32.Build.0 = Profile|Win32
		{19E85523-848E-4E55-AAF0-E0C6F83741F6}.Profile|x64.ActiveCfg = Profile|x64
		{19E85523-848E-4E55-AAF0-E0C6F83741F6}.Profile|x64.Build.0 = Profile|x64
		{19E85523-848E-4E55-AAF0-E0C6F83741F6}.Release|ARM.ActiveCfg = Release|Win32
		{19E85523-848E-4E55-AAF0-E0C6F83741F6}.Release|Win32.ActiveCfg = Release|Win32
		{19E85523-848E-4E55-AAF0-E0C6F83741F6}.Release|Win32.Build.0 = Release|Win32
		{19E85523-848E-4E55-AAF0-E0C6F83741F6}.Release|x64.ActiveCfg = Release|x64
		{19E85523-848E-4E55-AAF0-E0C6F83741F6}.Release|x64.Build.0 = Release|x64
		{F6781DE5-12A0-46B4-A608-7A55A639906B}.Debug|ARM.ActiveCfg = Debug|Win32
		{F6781DE5-12A0-46B4-A608-7A55A639906B}.Debug|Win32.ActiveCfg = Debug|Win32
		{F6781DE5-12A0-46B4-A608-7A55A639906B}.Debug|Win32.Build.0 = Debug|Win32
		{F6781DE5-12A0-46B4-A608-7A55A639906B}.Debug|x64.ActiveCfg = Debug|x64
		{F6781DE5-12A0-46B4-A608-7A55A639906B}.Debug|x64.Build.0 = Debug|x64
		{F6781DE5-12A0-46B4-A608-7A55A639906B}.Profile|ARM.ActiveCfg = Profile|Win32
		{F6781DE5-12A0-46B4-A608-7A55A639906B}.Profile|Win32.ActiveCfg = Profile|Win32
		{F6781DE5-12A0-46B4-A608-7A55A639906B}.Profile|Win32.Build.0 = Profile|Win32
		{F6781DE5-12A0-46B4-A608-7A55A639906B}.Profile|x64.ActiveCfg = Profile|x64
		{F6781DE5-12A0-46B4-A608-7A55A639906B}.Profile|x64.Build.0 = Profile|x64
		{F6781DE5-12A0-46B4-A608-7A55A639906B}.Release|ARM.ActiveCfg = Release|Win32
		{F6781DE5-12A0-46B4-A608-7A55A639906B}.Release|Win32.ActiveCfg = Release|Win32
		{F6781DE5-12A0-46B4-A608-7A55A639906B}.Release|Win32.Build.0 = Release|Win32
		{F6781DE5-12A0-46B4-A608-7A55A639906B}.Release|x64.ActiveCfg = Release|x64
		{F6781DE5-12A0-46B4-A608-7A55A639906B}.Release|x64.Build.0 = Release|x64
		{EE459B0B-4990-4258-8F04-BCD8B013BCA8}.Debug|ARM.ActiveCfg = Debug|Win32
		{EE459B0B-4990-4258-8F04-BCD8B013BCA8}.Debug|Win32.ActiveCfg = Debug|Win32
		{EE459B0B-4990-4258-8F04-BCD8B013BCA8}.Debug|Win32.Build.0 = Debug|Win32
		{EE459B0B-4990-4258-8F04-BCD8B013BCA8}.Debug|x64.ActiveCfg = Debug|x64
		{EE459B0B-4990-4258-8F04-BCD8B013BCA8}.Debug|x64.Build.0 = Debug|x64
		{EE459B0B-4990-4258-8F04-BCD8B013BCA8}.Profile|ARM.ActiveCfg = Profile|Win32
		{EE459B0B-4990-4258-8F04-BCD8B013BCA8}.Profile|Win32.ActiveCfg = Profile|Win32
		{EE459B0B-4990-4258-8F04-BCD8B013BCA8}.Profile|Win32.Build.0 = Profile|Win32
		{EE459B0B-4990-4258-8F04-BCD8B013BCA8}.Profile|x64.ActiveCfg = Profile|x64
		{EE459B0B-4990-4258-8F04-BCD8B013BCA8}.Profile|x64.Build.0 = Profile|x64
		{EE459B0B-4990-4258-8F04-BCD8B013BCA8}.Release|ARM.ActiveCfg = Release|Win32
		{EE459B0B-4990-4258-8F04-BCD8B013BCA8}.Release|Win32.ActiveCfg = Release|Win32
		{EE459B0B-4990-4258-8F04-BCD8B013BCA8}.Release|Win32.Build.0 = Release|Win32
		{EE459B0B-4990-4258-8F04-BCD8B013BCA8}.Release|x64.ActiveCfg = Release|x64
		{EE459B0B-4990-4258-8F04-BCD8B013BCA8}.Release|x64.Build.0 = Release|x64
		{E0B52AE7-E160-4D32-BF3F-910B785E5A8E}.Debug|ARM.ActiveCfg = Debug|Win32
		{E0B52AE7-E160-4D32-BF3F-910B785E5A8E}.Debug|Win32.ActiveCfg = Debug|Win32
		{E0B52AE7-E160-4D32-BF3F-910B785E5A8E}.Debug|Win32.Build.0 = Debug|Win32
		{E0B52AE7-E160-4D32-BF3F-910B785E5A8E}.Debug|x64.ActiveCfg = Debug|x64
		{E0B52AE7-E160-4D32-BF3F-910B785E5A8E}.Debug|x64.Build.0 = Debug|x64
		{E0B52AE7-E160-4D32-BF3F-910B785E5A8E}.Profile|ARM.ActiveCfg = Release|x64
		{E0B52AE7-E160-4D32-BF3F-910B785E5A8E}.Profile|ARM.Build.0 = Release|x64
		{E0B52AE7-E160-4D32-BF3F-910B785E5A8E}.Profile|Win32.ActiveCfg = Release|Win32
		{E0B52AE7-E160-4D32-BF3F-910B785E5A8E}.Profile|Win32.Build.0 = Release|Win32
		{E0B52AE7-E160-4D32-BF3F-910B785E5A8E}.Profile|x64.ActiveCfg = Release|x64
		{E0B52AE7-E160-4D32-BF3F-910B785E5A8E}.Profile|x64.Build.0 = Release|x64
		{E0B52AE7-E160-4D32-BF3F-910B785E5A8E}.Release|ARM.ActiveCfg = Release|Win32
		{E0B52AE7-E160-4D32-BF3F-910B785E5A8E}.Release|Win32.ActiveCfg = Release|Win32
		{E0B52AE7-E160-4D32-BF3F-910B785E5A8E}.Release|Win32.Build.0 = Release|Win32
		{E0B52AE7-E160-4D32-BF3F-910B785E5A8E}.Release|x64.ActiveCfg = Release|x64
		{E0B52AE7-E160-4D32-BF3F-910B785E5A8E}.Release|x64.Build.0 = Release|x64
		{30282F5F-E9F5-4832-BC51-8A0F58BE88BB}.Debug|ARM.ActiveCfg = Debug|Win32
		{30282F5F-E9F5-4832-BC51-8A0F58BE88BB}.Debug|Win32.ActiveCfg = Debug|Win32
		{30282F5F-E9F5-4832-BC51-8A0F58BE88BB}.Debug|Win32.Build.0 = Debug|Win32
		{30282F5F-E9F5-4832-BC51-8A0F58BE88BB}.Debug|x64.ActiveCfg = Debug|x64
		{30282F5F-E9F5-4832-BC51-8A0F58BE88BB}.Debug|x64.Build.0 = Debug|x64
		{30282F5F-E9F5-4832-BC51-8A0F58BE88BB}.Profile|ARM.ActiveCfg = Profile|Win32
		{30282F5F-E9F5-4832-BC51-8A0F58BE88BB}.Profile|Win32.ActiveCfg = Profile|Win32
		{30282F5F-E9F5-4832-BC51-8A0F58BE88BB}.Profile|Win32.Build.0 = Profile|Win32
		{30282F5F-E9F5-4832-BC51-8A0F58BE88BB}.Profile|x64.ActiveCfg = Profile|x64
		{30282F5F-E9F5-4832-BC51-8A0F58BE88BB}.Profile|x64.Build.0 = Profile|x64
		{30282F5F-E9F5-4832-BC51-8A0F58BE88BB}.Release|ARM.ActiveCfg = Release|Win32
		{30282F5F-E9F5-4832-BC51-8A0F58BE88BB}.Release|Win32.ActiveCfg = Release|Win32
		{30282F5F-E9F5-4832-BC51-8A0F58BE88BB}.Release|Win32.Build.0 = Release|Win32
		{30282F5F-E9F5-4832-BC51-8A0F58BE88BB}.Release|x64.ActiveCfg = Release|x64
		{30282F5F-E9F5-4832-BC51-8A0F58BE88BB}.Release|x64.Build.0 = Release|x64
		{74CEAFC5-E5F1-4009-A605-1D92EF13AE41}.Debug|ARM.ActiveCfg = Debug|Win32
		{74CEAFC5-E5F1-4009-A605-1D92EF13AE41}.Debug|Win32.ActiveCfg = Debug|Win32
		{74CEAFC5-E5F1-4009-A605-1D92EF13AE41}.Debug|Win32.Build.0 = Debug|Win32
		{74CEAFC5-E5F1-4009-A605-1D92EF13AE41}.Debug|x64.ActiveCfg = Debug|x64
		{74CEAFC5-E5F1-4009-A605-1D92EF13AE41}.Debug|x64.Build.0 = Debug|x64
		{74CEAFC5-E5F1-4009-A605-1D92EF13AE41}.Profile|ARM.ActiveCfg = Profile|Win32
		{74CEAFC5-E5F1-4009-A605-1D92EF13AE41}.Profile|Win32.ActiveCfg = Profile|Win32
		{74CEAFC5-E5F1-4009-A605-1D92EF13AE41}.Profile|Win32.Build.0 = Profile|Win32
		{74CEAFC5-E5F1-4009-A605-1D92EF13AE41}.Profile|x64.ActiveCfg = Profile|x64
		{74CEAFC5-E5F1-4009-A605-1D92EF13AE41}.Profile|x64.Build.0 = Profile|x64
		{74CEAFC5-E5F1-4009-A605-1D92EF13AE41}.Release|ARM.ActiveCfg = Release|Win32
		{74CEAFC5-E5F1-4009-A605-1D92EF13AE41}.Release|Win32.ActiveCfg = Release|Win32
		{74CEAFC5-E5F1-4009-A605-1D92EF13AE41}.Release|Win32.Build.0 = Release|Win32
		{74CEAFC5-E5F1-4009-A605-1D92EF13AE41}.Release|x64.ActiveCfg = Release|x64
		{74CEAFC5-E5F1-4009-A605-1D92EF13AE41}.Release|x64.Build.0 = Release|x64
	EndGlobalSection
	GlobalSection(SolutionProperties) = preSolution
		HideSolutionNode = FALSE
	EndGlobalSection
EndGlobal
