<?xml version="1.0" encoding="utf-8"?>
<Project ToolsVersion="4.0" xmlns="http://schemas.microsoft.com/developer/msbuild/2003">
  <ItemGroup>
    <Filter Include="Resources">
      <UniqueIdentifier>{67DA6AB6-F800-4c08-8B7A-83BB121AAD01}</UniqueIdentifier>
      <Extensions>rc;ico;cur;bmp;dlg;rc2;rct;bin;rgs;gif;jpg;jpeg;jpe;resx;tiff;tif;png;wav;mfcribbon-ms</Extensions>
    </Filter>
    <Filter Include="Classes">
      <UniqueIdentifier>{4FC737F1-C7A5-4376-A066-2A32D752A2FF}</UniqueIdentifier>
      <Extensions>cpp;c;cc;cxx;def;odl;idl;hpj;bat;asm;asmx</Extensions>
    </Filter>
  </ItemGroup>
  <ItemGroup>
    <ClCompile Include="AEroEngine.cpp" />
    <ClCompile Include="Classes\AEAI.cpp">
      <Filter>Classes</Filter>
    </ClCompile>
    <ClCompile Include="Classes\AEAnimation.cpp">
      <Filter>Classes</Filter>
    </ClCompile>
    <ClCompile Include="Classes\AEBackground.cpp">
      <Filter>Classes</Filter>
    </ClCompile>
    <ClCompile Include="Classes\AECamera.cpp">
      <Filter>Classes</Filter>
    </ClCompile>
    <ClCompile Include="Classes\AEHeadUpDisplay.cpp">
      <Filter>Classes</Filter>
    </ClCompile>
    <ClCompile Include="Classes\AEMath.cpp">
      <Filter>Classes</Filter>
    </ClCompile>
    <ClCompile Include="Classes\AEObject.cpp">
      <Filter>Classes</Filter>
    </ClCompile>
    <ClCompile Include="Classes\AEParticleSystem.cpp">
      <Filter>Classes</Filter>
    </ClCompile>
    <ClCompile Include="Classes\AEPhysics.cpp">
      <Filter>Classes</Filter>
    </ClCompile>
    <ClCompile Include="Classes\AEResource.cpp">
      <Filter>Classes</Filter>
    </ClCompile>
    <ClCompile Include="Classes\AEScene.cpp">
      <Filter>Classes</Filter>
    </ClCompile>
    <ClCompile Include="Classes\AESprite.cpp">
      <Filter>Classes</Filter>
    </ClCompile>
    <ClCompile Include="Classes\AEGameControl.cpp">
      <Filter>Classes</Filter>
    </ClCompile>
    <ClCompile Include="Classes\AEPlatform.cpp">
      <Filter>Classes</Filter>
    </ClCompile>
    <ClCompile Include="Classes\AECollision.cpp">
      <Filter>Classes</Filter>
    </ClCompile>
  </ItemGroup>
  <ItemGroup>
    <ClInclude Include="AEroEngine.h" />
    <ClInclude Include="Classes\AEAI.h">
      <Filter>Classes</Filter>
    </ClInclude>
    <ClInclude Include="Classes\AEAnimation.h">
      <Filter>Classes</Filter>
    </ClInclude>
    <ClInclude Include="Classes\AEBackground.h">
      <Filter>Classes</Filter>
    </ClInclude>
    <ClInclude Include="Classes\AECamera.h">
      <Filter>Classes</Filter>
    </ClInclude>
    <ClInclude Include="Classes\AEHeadUpDisplay.h">
      <Filter>Classes</Filter>
    </ClInclude>
    <ClInclude Include="Classes\AEMath.h">
      <Filter>Classes</Filter>
    </ClInclude>
    <ClInclude Include="Classes\AEObject.h">
      <Filter>Classes</Filter>
    </ClInclude>
    <ClInclude Include="Classes\AEParticleSystem.h">
      <Filter>Classes</Filter>
    </ClInclude>
    <ClInclude Include="Classes\AEPhysics.h">
      <Filter>Classes</Filter>
    </ClInclude>
    <ClInclude Include="Classes\AEResource.h">
      <Filter>Classes</Filter>
    </ClInclude>
    <ClInclude Include="Classes\AEScene.h">
      <Filter>Classes</Filter>
    </ClInclude>
    <ClInclude Include="Classes\AESprite.h">
      <Filter>Classes</Filter>
    </ClInclude>
    <ClInclude Include="Classes\AETable.h">
      <Filter>Classes</Filter>
    </ClInclude>
    <ClInclude Include="Classes\AEGameControl.h">
      <Filter>Classes</Filter>
    </ClInclude>
    <ClInclude Include="Classes\AEPlatform.h">
      <Filter>Classes</Filter>
    </ClInclude>
    <ClInclude Include="Classes\AECollision.h">
      <Filter>Classes</Filter>
    </ClInclude>
  </ItemGroup>
</Project>