<?xml version="1.0" encoding="utf-8"?>
<Project ToolsVersion="4.0" xmlns="http://schemas.microsoft.com/developer/msbuild/2003">
  <ItemGroup>
    <FxCompile Include="AEroD3D.fx">
      <Filter>Shaders</Filter>
    </FxCompile>
    <FxCompile Include="AEroD3D_PS.hlsl">
      <Filter>Shaders</Filter>
    </FxCompile>
    <FxCompile Include="AEroD3D_VS.hlsl">
      <Filter>Shaders</Filter>
    </FxCompile>
  </ItemGroup>
  <ItemGroup>
    <ClCompile Include="Main.cpp" />
    <ClCompile Include="Classes\AI.cpp">
      <Filter>Classes</Filter>
    </ClCompile>
    <ClCompile Include="Classes\Scene.cpp">
      <Filter>Classes</Filter>
    </ClCompile>
    <ClCompile Include="Classes\Sprite.cpp">
      <Filter>Classes</Filter>
    </ClCompile>
  </ItemGroup>
  <ItemGroup>
    <ClInclude Include="Classes\AI.h">
      <Filter>Classes</Filter>
    </ClInclude>
    <CLInclude Include="resource.h" />
    <ClInclude Include="Classes\Scene.h">
      <Filter>Classes</Filter>
    </ClInclude>
    <ClInclude Include="Classes\Sprite.h">
      <Filter>Classes</Filter>
    </ClInclude>
  </ItemGroup>
  <ItemGroup>
    <Filter Include="Shaders">
      <UniqueIdentifier>{111b8fde-2774-4fa8-bd05-8732f0762f48}</UniqueIdentifier>
    </Filter>
    <Filter Include="Classes">
      <UniqueIdentifier>{f126d2b0-aaf6-4e92-96c0-adeaa93a1172}</UniqueIdentifier>
    </Filter>
  </ItemGroup>
  <ItemGroup>
    <ResourceCompile Include="AEroD3D.rc">
      <Filter>Shaders</Filter>
    </ResourceCompile>
  </ItemGroup>
</Project>